
Microsoft Visual Studio Solution File, Format Version 12.00
# Visual Studio 2013
VisualStudioVersion = 12.0.21005.1
MinimumVisualStudioVersion = 10.0.40219.1
Project("{FAE04EC0-301F-11D3-BF4B-00C04F79EFBC}") = "RepairKid.com", "RepairKid.com\RepairKid.com.csproj", "{3B997F24-6FB7-4CD0-A614-BF3F17A78A66}"
EndProject
Project("{FAE04EC0-301F-11D3-BF4B-00C04F79EFBC}") = "RepairKid.com.Tests", "C:\Users\APong\Documents\Visual Studio 2013\Projects\RepairKid.com\RepairKid.com.Tests\RepairKid.com.Tests.csproj", "{4EE23CD9-AA36-414F-957A-25273075275C}"
EndProject
Global
	GlobalSection(SolutionConfigurationPlatforms) = preSolution
		Debug|Any CPU = Debug|Any CPU
		Release|Any CPU = Release|Any CPU
	EndGlobalSection
	GlobalSection(ProjectConfigurationPlatforms) = postSolution
		{3B997F24-6FB7-4CD0-A614-BF3F17A78A66}.Debug|Any CPU.ActiveCfg = Debug|Any CPU
		{3B997F24-6FB7-4CD0-A614-BF3F17A78A66}.Debug|Any CPU.Build.0 = Debug|Any CPU
		{3B997F24-6FB7-4CD0-A614-BF3F17A78A66}.Release|Any CPU.ActiveCfg = Release|Any CPU
		{3B997F24-6FB7-4CD0-A614-BF3F17A78A66}.Release|Any CPU.Build.0 = Release|Any CPU
		{4EE23CD9-AA36-414F-957A-25273075275C}.Debug|Any CPU.ActiveCfg = Debug|Any CPU
		{4EE23CD9-AA36-414F-957A-25273075275C}.Debug|Any CPU.Build.0 = Debug|Any CPU
		{4EE23CD9-AA36-414F-957A-25273075275C}.Release|Any CPU.ActiveCfg = Release|Any CPU
		{4EE23CD9-AA36-414F-957A-25273075275C}.Release|Any CPU.Build.0 = Release|Any CPU
	EndGlobalSection
	GlobalSection(SolutionProperties) = preSolution
		HideSolutionNode = FALSE
	EndGlobalSection
EndGlobal
